
Microsoft Visual Studio Solution File, Format Version 12.00
# Visual Studio Version 17
VisualStudioVersion = 17.8.34330.188
MinimumVisualStudioVersion = 10.0.40219.1
Project("{FAE04EC0-301F-11D3-BF4B-00C04F79EFBC}") = "BookWormRazor_Temp", "BookWormRazor_Temp\BookWormRazor_Temp.csproj", "{392BB307-DF4B-4595-AFC1-84608D7EE31D}"
EndProject
Global
	GlobalSection(SolutionConfigurationPlatforms) = preSolution
		Debug|Any CPU = Debug|Any CPU
		Release|Any CPU = Release|Any CPU
	EndGlobalSection
	GlobalSection(ProjectConfigurationPlatforms) = postSolution
		{392BB307-DF4B-4595-AFC1-84608D7EE31D}.Debug|Any CPU.ActiveCfg = Debug|Any CPU
		{392BB307-DF4B-4595-AFC1-84608D7EE31D}.Debug|Any CPU.Build.0 = Debug|Any CPU
		{392BB307-DF4B-4595-AFC1-84608D7EE31D}.Release|Any CPU.ActiveCfg = Release|Any CPU
		{392BB307-DF4B-4595-AFC1-84608D7EE31D}.Release|Any CPU.Build.0 = Release|Any CPU
	EndGlobalSection
	GlobalSection(SolutionProperties) = preSolution
		HideSolutionNode = FALSE
	EndGlobalSection
	GlobalSection(ExtensibilityGlobals) = postSolution
		SolutionGuid = {FD234457-BA08-4317-9918-B57393928D35}
	EndGlobalSection
EndGlobal
